
Microsoft Visual Studio Solution File, Format Version 12.00
# Visual Studio Version 17
VisualStudioVersion = 17.0.32014.148
MinimumVisualStudioVersion = 10.0.40219.1
Project("{9A19103F-16F7-4668-BE54-9A1E7A4F7556}") = "GCrypt", "GCrypt\GCrypt.csproj", "{1B5EBEDE-3FD3-4B2E-B304-A969673363A4}"
EndProject
Project("{2150E333-8FDC-42A3-9474-1A3956D46DE8}") = "Solution Items", "Solution Items", "{17FBE6A5-DD3F-4D21-9942-EA4D797C98AC}"
	ProjectSection(SolutionItems) = preProject
		.editorconfig = .editorconfig
		Directory.Build.props = Directory.Build.props
		global.json = global.json
		NuGet.Config = NuGet.Config
		..\README.md = ..\README.md
	EndProjectSection
EndProject
Project("{FAE04EC0-301F-11D3-BF4B-00C04F79EFBC}") = "GCrypt.TestConsole", "GCrypt.TestConsole\GCrypt.TestConsole.csproj", "{3665B1DE-5F40-4DCA-B0A7-DD78B1FA7A75}"
EndProject
Global
	GlobalSection(SolutionConfigurationPlatforms) = preSolution
		Debug|Any CPU = Debug|Any CPU
		Release|Any CPU = Release|Any CPU
	EndGlobalSection
	GlobalSection(ProjectConfigurationPlatforms) = postSolution
		{1B5EBEDE-3FD3-4B2E-B304-A969673363A4}.Debug|Any CPU.ActiveCfg = Debug|Any CPU
		{1B5EBEDE-3FD3-4B2E-B304-A969673363A4}.Debug|Any CPU.Build.0 = Debug|Any CPU
		{1B5EBEDE-3FD3-4B2E-B304-A969673363A4}.Release|Any CPU.ActiveCfg = Release|Any CPU
		{1B5EBEDE-3FD3-4B2E-B304-A969673363A4}.Release|Any CPU.Build.0 = Release|Any CPU
		{3665B1DE-5F40-4DCA-B0A7-DD78B1FA7A75}.Debug|Any CPU.ActiveCfg = Debug|Any CPU
		{3665B1DE-5F40-4DCA-B0A7-DD78B1FA7A75}.Debug|Any CPU.Build.0 = Debug|Any CPU
		{3665B1DE-5F40-4DCA-B0A7-DD78B1FA7A75}.Release|Any CPU.ActiveCfg = Release|Any CPU
		{3665B1DE-5F40-4DCA-B0A7-DD78B1FA7A75}.Release|Any CPU.Build.0 = Release|Any CPU
	EndGlobalSection
	GlobalSection(SolutionProperties) = preSolution
		HideSolutionNode = FALSE
	EndGlobalSection
	GlobalSection(ExtensibilityGlobals) = postSolution
		SolutionGuid = {96AC9847-78DA-4B4D-A3EE-3C0C218A9797}
	EndGlobalSection
EndGlobal
